# This file is autogenerated, do not edit; changes may be undone by the next 'dep ensure'.


[[projects]]
  name = "github.com/boltdb/bolt"
  packages = ["."]
  revision = "2f1ce7a837dcb8da3ec595b1dac9d0632f0f99e8"
  version = "v1.3.1"

[[projects]]
  branch = "master"
  name = "golang.org/x/crypto"
  packages = ["ripemd160"]
  revision = "a49355c7e3f8fe157a85be2f77e6e269a0f89602"

[[projects]]
  branch = "master"
  name = "golang.org/x/sys"
  packages = ["unix"]
  revision = "6c888cc515d3ed83fc103cf1d84468aad274b0a7"

[solve-meta]
  analyzer-name = "dep"
  analyzer-version = 1
  inputs-digest = "ff2c985a3e0cff291c905dfaa079cfc22ab3ff3f76460a97e5a742c42e462a48"
  solver-name = "gps-cdcl"
  solver-version = 1
